
Microsoft Visual Studio Solution File, Format Version 12.00
# Visual Studio Version 17
VisualStudioVersion = 17.0.31919.166
MinimumVisualStudioVersion = 10.0.40219.1
Project("{FAE04EC0-301F-11D3-BF4B-00C04F79EFBC}") = "reactwithnet", "reactwithnet\reactwithnet.csproj", "{C444F7CD-F001-4B09-8214-0600377DC212}"
EndProject
Global
	GlobalSection(SolutionConfigurationPlatforms) = preSolution
		Debug|Any CPU = Debug|Any CPU
		Release|Any CPU = Release|Any CPU
	EndGlobalSection
	GlobalSection(ProjectConfigurationPlatforms) = postSolution
		{C444F7CD-F001-4B09-8214-0600377DC212}.Debug|Any CPU.ActiveCfg = Debug|Any CPU
		{C444F7CD-F001-4B09-8214-0600377DC212}.Debug|Any CPU.Build.0 = Debug|Any CPU
		{C444F7CD-F001-4B09-8214-0600377DC212}.Release|Any CPU.ActiveCfg = Release|Any CPU
		{C444F7CD-F001-4B09-8214-0600377DC212}.Release|Any CPU.Build.0 = Release|Any CPU
	EndGlobalSection
	GlobalSection(SolutionProperties) = preSolution
		HideSolutionNode = FALSE
	EndGlobalSection
	GlobalSection(ExtensibilityGlobals) = postSolution
		SolutionGuid = {704AA176-5772-41C2-8B26-EB32E7A34280}
	EndGlobalSection
EndGlobal
